
Microsoft Visual Studio Solution File, Format Version 12.00
# Visual Studio Version 17
VisualStudioVersion = 17.10.35122.118
MinimumVisualStudioVersion = 10.0.40219.1
Project("{FAE04EC0-301F-11D3-BF4B-00C04F79EFBC}") = "scheduler", "scheduler\scheduler.csproj", "{31C11273-56DF-47C4-A84A-9E1A557F2900}"
EndProject
Global
	GlobalSection(SolutionConfigurationPlatforms) = preSolution
		Debug|Any CPU = Debug|Any CPU
		Release|Any CPU = Release|Any CPU
	EndGlobalSection
	GlobalSection(ProjectConfigurationPlatforms) = postSolution
		{31C11273-56DF-47C4-A84A-9E1A557F2900}.Debug|Any CPU.ActiveCfg = Debug|Any CPU
		{31C11273-56DF-47C4-A84A-9E1A557F2900}.Debug|Any CPU.Build.0 = Debug|Any CPU
		{31C11273-56DF-47C4-A84A-9E1A557F2900}.Release|Any CPU.ActiveCfg = Release|Any CPU
		{31C11273-56DF-47C4-A84A-9E1A557F2900}.Release|Any CPU.Build.0 = Release|Any CPU
	EndGlobalSection
	GlobalSection(SolutionProperties) = preSolution
		HideSolutionNode = FALSE
	EndGlobalSection
	GlobalSection(ExtensibilityGlobals) = postSolution
		SolutionGuid = {6B779A37-1756-4B9E-8D6E-D5B1BD1BD433}
	EndGlobalSection
EndGlobal
